
Microsoft Visual Studio Solution File, Format Version 11.00
# Visual Studio 2010
Project("{8BC9CEB8-8B4A-11D0-8D11-00A0C91BC942}") = "Chess", "Chess.vcxproj", "{1F73B5BF-F717-3241-8479-4F04B22B7D96}"
EndProject
Global
	GlobalSection(SolutionConfigurationPlatforms) = preSolution
		Debug|Win32 = Debug|Win32
		Release|Win32 = Release|Win32
	EndGlobalSection
	GlobalSection(ProjectConfigurationPlatforms) = postSolution
		{1F73B5BF-F717-3241-8479-4F04B22B7D96}.Debug|Win32.ActiveCfg = Debug|Win32
		{1F73B5BF-F717-3241-8479-4F04B22B7D96}.Debug|Win32.Build.0 = Debug|Win32
		{1F73B5BF-F717-3241-8479-4F04B22B7D96}.Release|Win32.ActiveCfg = Release|Win32
		{1F73B5BF-F717-3241-8479-4F04B22B7D96}.Release|Win32.Build.0 = Release|Win32
	EndGlobalSection
	GlobalSection(SolutionProperties) = preSolution
		HideSolutionNode = FALSE
	EndGlobalSection
EndGlobal
